
Microsoft Visual Studio Solution File, Format Version 12.00
# Visual Studio Version 17
VisualStudioVersion = 17.5.33530.505
MinimumVisualStudioVersion = 10.0.40219.1
Project("{FAE04EC0-301F-11D3-BF4B-00C04F79EFBC}") = "Lab11B.Android", "Lab11B\Lab11B.Android\Lab11B.Android.csproj", "{70E9E062-4EE1-443D-8FEF-D42EF1D30529}"
EndProject
Project("{FAE04EC0-301F-11D3-BF4B-00C04F79EFBC}") = "Lab11B.iOS", "Lab11B\Lab11B.iOS\Lab11B.iOS.csproj", "{96F72C82-3D45-4F92-BC75-000589033FBC}"
EndProject
Project("{FAE04EC0-301F-11D3-BF4B-00C04F79EFBC}") = "Lab11B", "Lab11B\Lab11B\Lab11B.csproj", "{F2672454-322D-424B-AE65-03662DE19D12}"
EndProject
Global
	GlobalSection(SolutionConfigurationPlatforms) = preSolution
		Debug|Any CPU = Debug|Any CPU
		Debug|iPhone = Debug|iPhone
		Debug|iPhoneSimulator = Debug|iPhoneSimulator
		Release|Any CPU = Release|Any CPU
		Release|iPhone = Release|iPhone
		Release|iPhoneSimulator = Release|iPhoneSimulator
	EndGlobalSection
	GlobalSection(ProjectConfigurationPlatforms) = postSolution
		{70E9E062-4EE1-443D-8FEF-D42EF1D30529}.Debug|Any CPU.ActiveCfg = Debug|Any CPU
		{70E9E062-4EE1-443D-8FEF-D42EF1D30529}.Debug|Any CPU.Build.0 = Debug|Any CPU
		{70E9E062-4EE1-443D-8FEF-D42EF1D30529}.Debug|Any CPU.Deploy.0 = Debug|Any CPU
		{70E9E062-4EE1-443D-8FEF-D42EF1D30529}.Debug|iPhone.ActiveCfg = Debug|Any CPU
		{70E9E062-4EE1-443D-8FEF-D42EF1D30529}.Debug|iPhone.Build.0 = Debug|Any CPU
		{70E9E062-4EE1-443D-8FEF-D42EF1D30529}.Debug|iPhone.Deploy.0 = Debug|Any CPU
		{70E9E062-4EE1-443D-8FEF-D42EF1D30529}.Debug|iPhoneSimulator.ActiveCfg = Debug|Any CPU
		{70E9E062-4EE1-443D-8FEF-D42EF1D30529}.Debug|iPhoneSimulator.Build.0 = Debug|Any CPU
		{70E9E062-4EE1-443D-8FEF-D42EF1D30529}.Debug|iPhoneSimulator.Deploy.0 = Debug|Any CPU
		{70E9E062-4EE1-443D-8FEF-D42EF1D30529}.Release|Any CPU.ActiveCfg = Release|Any CPU
		{70E9E062-4EE1-443D-8FEF-D42EF1D30529}.Release|Any CPU.Build.0 = Release|Any CPU
		{70E9E062-4EE1-443D-8FEF-D42EF1D30529}.Release|Any CPU.Deploy.0 = Release|Any CPU
		{70E9E062-4EE1-443D-8FEF-D42EF1D30529}.Release|iPhone.ActiveCfg = Release|Any CPU
		{70E9E062-4EE1-443D-8FEF-D42EF1D30529}.Release|iPhone.Build.0 = Release|Any CPU
		{70E9E062-4EE1-443D-8FEF-D42EF1D30529}.Release|iPhone.Deploy.0 = Release|Any CPU
		{70E9E062-4EE1-443D-8FEF-D42EF1D30529}.Release|iPhoneSimulator.ActiveCfg = Release|Any CPU
		{70E9E062-4EE1-443D-8FEF-D42EF1D30529}.Release|iPhoneSimulator.Build.0 = Release|Any CPU
		{70E9E062-4EE1-443D-8FEF-D42EF1D30529}.Release|iPhoneSimulator.Deploy.0 = Release|Any CPU
		{96F72C82-3D45-4F92-BC75-000589033FBC}.Debug|Any CPU.ActiveCfg = Debug|iPhone
		{96F72C82-3D45-4F92-BC75-000589033FBC}.Debug|Any CPU.Build.0 = Debug|iPhone
		{96F72C82-3D45-4F92-BC75-000589033FBC}.Debug|Any CPU.Deploy.0 = Debug|iPhone
		{96F72C82-3D45-4F92-BC75-000589033FBC}.Debug|iPhone.ActiveCfg = Debug|iPhone
		{96F72C82-3D45-4F92-BC75-000589033FBC}.Debug|iPhone.Build.0 = Debug|iPhone
		{96F72C82-3D45-4F92-BC75-000589033FBC}.Debug|iPhone.Deploy.0 = Debug|iPhone
		{96F72C82-3D45-4F92-BC75-000589033FBC}.Debug|iPhoneSimulator.ActiveCfg = Debug|iPhoneSimulator
		{96F72C82-3D45-4F92-BC75-000589033FBC}.Debug|iPhoneSimulator.Build.0 = Debug|iPhoneSimulator
		{96F72C82-3D45-4F92-BC75-000589033FBC}.Debug|iPhoneSimulator.Deploy.0 = Debug|iPhoneSimulator
		{96F72C82-3D45-4F92-BC75-000589033FBC}.Release|Any CPU.ActiveCfg = Release|iPhoneSimulator
		{96F72C82-3D45-4F92-BC75-000589033FBC}.Release|Any CPU.Build.0 = Release|iPhoneSimulator
		{96F72C82-3D45-4F92-BC75-000589033FBC}.Release|Any CPU.Deploy.0 = Release|iPhoneSimulator
		{96F72C82-3D45-4F92-BC75-000589033FBC}.Release|iPhone.ActiveCfg = Release|iPhone
		{96F72C82-3D45-4F92-BC75-000589033FBC}.Release|iPhone.Build.0 = Release|iPhone
		{96F72C82-3D45-4F92-BC75-000589033FBC}.Release|iPhone.Deploy.0 = Release|iPhone
		{96F72C82-3D45-4F92-BC75-000589033FBC}.Release|iPhoneSimulator.ActiveCfg = Release|iPhoneSimulator
		{96F72C82-3D45-4F92-BC75-000589033FBC}.Release|iPhoneSimulator.Build.0 = Release|iPhoneSimulator
		{96F72C82-3D45-4F92-BC75-000589033FBC}.Release|iPhoneSimulator.Deploy.0 = Release|iPhoneSimulator
		{F2672454-322D-424B-AE65-03662DE19D12}.Debug|Any CPU.ActiveCfg = Debug|Any CPU
		{F2672454-322D-424B-AE65-03662DE19D12}.Debug|Any CPU.Build.0 = Debug|Any CPU
		{F2672454-322D-424B-AE65-03662DE19D12}.Debug|Any CPU.Deploy.0 = Debug|Any CPU
		{F2672454-322D-424B-AE65-03662DE19D12}.Debug|iPhone.ActiveCfg = Debug|Any CPU
		{F2672454-322D-424B-AE65-03662DE19D12}.Debug|iPhone.Build.0 = Debug|Any CPU
		{F2672454-322D-424B-AE65-03662DE19D12}.Debug|iPhone.Deploy.0 = Debug|Any CPU
		{F2672454-322D-424B-AE65-03662DE19D12}.Debug|iPhoneSimulator.ActiveCfg = Debug|Any CPU
		{F2672454-322D-424B-AE65-03662DE19D12}.Debug|iPhoneSimulator.Build.0 = Debug|Any CPU
		{F2672454-322D-424B-AE65-03662DE19D12}.Debug|iPhoneSimulator.Deploy.0 = Debug|Any CPU
		{F2672454-322D-424B-AE65-03662DE19D12}.Release|Any CPU.ActiveCfg = Release|Any CPU
		{F2672454-322D-424B-AE65-03662DE19D12}.Release|Any CPU.Build.0 = Release|Any CPU
		{F2672454-322D-424B-AE65-03662DE19D12}.Release|Any CPU.Deploy.0 = Release|Any CPU
		{F2672454-322D-424B-AE65-03662DE19D12}.Release|iPhone.ActiveCfg = Release|Any CPU
		{F2672454-322D-424B-AE65-03662DE19D12}.Release|iPhone.Build.0 = Release|Any CPU
		{F2672454-322D-424B-AE65-03662DE19D12}.Release|iPhone.Deploy.0 = Release|Any CPU
		{F2672454-322D-424B-AE65-03662DE19D12}.Release|iPhoneSimulator.ActiveCfg = Release|Any CPU
		{F2672454-322D-424B-AE65-03662DE19D12}.Release|iPhoneSimulator.Build.0 = Release|Any CPU
		{F2672454-322D-424B-AE65-03662DE19D12}.Release|iPhoneSimulator.Deploy.0 = Release|Any CPU
	EndGlobalSection
	GlobalSection(SolutionProperties) = preSolution
		HideSolutionNode = FALSE
	EndGlobalSection
	GlobalSection(ExtensibilityGlobals) = postSolution
		SolutionGuid = {4BFB3A95-4BB1-495F-923E-74C19243061D}
	EndGlobalSection
EndGlobal
